
Microsoft Visual Studio Solution File, Format Version 12.00
# Visual Studio Version 17
VisualStudioVersion = 17.6.33829.357
MinimumVisualStudioVersion = 10.0.40219.1
Project("{FAE04EC0-301F-11D3-BF4B-00C04F79EFBC}") = "W5D1", "W5D1\W5D1.csproj", "{EE99AC6C-0D0F-49B1-B9BA-88CE518A2E06}"
EndProject
Global
	GlobalSection(SolutionConfigurationPlatforms) = preSolution
		Debug|Any CPU = Debug|Any CPU
		Release|Any CPU = Release|Any CPU
	EndGlobalSection
	GlobalSection(ProjectConfigurationPlatforms) = postSolution
		{EE99AC6C-0D0F-49B1-B9BA-88CE518A2E06}.Debug|Any CPU.ActiveCfg = Debug|Any CPU
		{EE99AC6C-0D0F-49B1-B9BA-88CE518A2E06}.Debug|Any CPU.Build.0 = Debug|Any CPU
		{EE99AC6C-0D0F-49B1-B9BA-88CE518A2E06}.Release|Any CPU.ActiveCfg = Release|Any CPU
		{EE99AC6C-0D0F-49B1-B9BA-88CE518A2E06}.Release|Any CPU.Build.0 = Release|Any CPU
	EndGlobalSection
	GlobalSection(SolutionProperties) = preSolution
		HideSolutionNode = FALSE
	EndGlobalSection
	GlobalSection(ExtensibilityGlobals) = postSolution
		SolutionGuid = {9D676194-3DCA-4E57-8A6D-84BAF9CE2616}
	EndGlobalSection
EndGlobal
