
Microsoft Visual Studio Solution File, Format Version 12.00
# Visual Studio Version 17
VisualStudioVersion = 17.6.33829.357
MinimumVisualStudioVersion = 10.0.40219.1
Project("{FAE04EC0-301F-11D3-BF4B-00C04F79EFBC}") = "W4D1", "W4D1.csproj", "{A2FB0D73-527C-4F48-B80B-C15A9F08672E}"
EndProject
Global
	GlobalSection(SolutionConfigurationPlatforms) = preSolution
		Debug|Any CPU = Debug|Any CPU
		Release|Any CPU = Release|Any CPU
	EndGlobalSection
	GlobalSection(ProjectConfigurationPlatforms) = postSolution
		{A2FB0D73-527C-4F48-B80B-C15A9F08672E}.Debug|Any CPU.ActiveCfg = Debug|Any CPU
		{A2FB0D73-527C-4F48-B80B-C15A9F08672E}.Debug|Any CPU.Build.0 = Debug|Any CPU
		{A2FB0D73-527C-4F48-B80B-C15A9F08672E}.Release|Any CPU.ActiveCfg = Release|Any CPU
		{A2FB0D73-527C-4F48-B80B-C15A9F08672E}.Release|Any CPU.Build.0 = Release|Any CPU
	EndGlobalSection
	GlobalSection(SolutionProperties) = preSolution
		HideSolutionNode = FALSE
	EndGlobalSection
	GlobalSection(ExtensibilityGlobals) = postSolution
		SolutionGuid = {3BDC6C00-5BF6-487D-82FE-08271C973215}
	EndGlobalSection
EndGlobal
