
Microsoft Visual Studio Solution File, Format Version 12.00
# Visual Studio Version 17
VisualStudioVersion = 17.7.34003.232
MinimumVisualStudioVersion = 10.0.40219.1
Project("{FAE04EC0-301F-11D3-BF4B-00C04F79EFBC}") = "W11D3-2", "W11D3-2\W11D3-2.csproj", "{A0DFAF50-5A1F-45AC-A540-5513EFAE4D3A}"
EndProject
Global
	GlobalSection(SolutionConfigurationPlatforms) = preSolution
		Debug|Any CPU = Debug|Any CPU
		Release|Any CPU = Release|Any CPU
	EndGlobalSection
	GlobalSection(ProjectConfigurationPlatforms) = postSolution
		{A0DFAF50-5A1F-45AC-A540-5513EFAE4D3A}.Debug|Any CPU.ActiveCfg = Debug|Any CPU
		{A0DFAF50-5A1F-45AC-A540-5513EFAE4D3A}.Debug|Any CPU.Build.0 = Debug|Any CPU
		{A0DFAF50-5A1F-45AC-A540-5513EFAE4D3A}.Release|Any CPU.ActiveCfg = Release|Any CPU
		{A0DFAF50-5A1F-45AC-A540-5513EFAE4D3A}.Release|Any CPU.Build.0 = Release|Any CPU
	EndGlobalSection
	GlobalSection(SolutionProperties) = preSolution
		HideSolutionNode = FALSE
	EndGlobalSection
	GlobalSection(ExtensibilityGlobals) = postSolution
		SolutionGuid = {E0E3DB65-1CAA-4963-8D7A-3AD9BE034CBE}
	EndGlobalSection
EndGlobal
