
Microsoft Visual Studio Solution File, Format Version 12.00
# Visual Studio Version 17
VisualStudioVersion = 17.6.33829.357
MinimumVisualStudioVersion = 10.0.40219.1
Project("{FAE04EC0-301F-11D3-BF4B-00C04F79EFBC}") = "W3D5", "W3D5.csproj", "{082CCFE7-D365-4FFF-97BA-611E1D9A87E2}"
EndProject
Global
	GlobalSection(SolutionConfigurationPlatforms) = preSolution
		Debug|Any CPU = Debug|Any CPU
		Release|Any CPU = Release|Any CPU
	EndGlobalSection
	GlobalSection(ProjectConfigurationPlatforms) = postSolution
		{082CCFE7-D365-4FFF-97BA-611E1D9A87E2}.Debug|Any CPU.ActiveCfg = Debug|Any CPU
		{082CCFE7-D365-4FFF-97BA-611E1D9A87E2}.Debug|Any CPU.Build.0 = Debug|Any CPU
		{082CCFE7-D365-4FFF-97BA-611E1D9A87E2}.Release|Any CPU.ActiveCfg = Release|Any CPU
		{082CCFE7-D365-4FFF-97BA-611E1D9A87E2}.Release|Any CPU.Build.0 = Release|Any CPU
	EndGlobalSection
	GlobalSection(SolutionProperties) = preSolution
		HideSolutionNode = FALSE
	EndGlobalSection
	GlobalSection(ExtensibilityGlobals) = postSolution
		SolutionGuid = {472EF2F2-2FD7-4CF9-9351-0C74D7B36C19}
	EndGlobalSection
EndGlobal
