
Microsoft Visual Studio Solution File, Format Version 12.00
# Visual Studio Version 17
VisualStudioVersion = 17.7.34003.232
MinimumVisualStudioVersion = 10.0.40219.1
Project("{FAE04EC0-301F-11D3-BF4B-00C04F79EFBC}") = "jixiebi", "jixiebi\jixiebi.csproj", "{79326DFD-EFF0-48B8-9646-7614A635D821}"
EndProject
Global
	GlobalSection(SolutionConfigurationPlatforms) = preSolution
		Debug|Any CPU = Debug|Any CPU
		Release|Any CPU = Release|Any CPU
	EndGlobalSection
	GlobalSection(ProjectConfigurationPlatforms) = postSolution
		{79326DFD-EFF0-48B8-9646-7614A635D821}.Debug|Any CPU.ActiveCfg = Debug|Any CPU
		{79326DFD-EFF0-48B8-9646-7614A635D821}.Debug|Any CPU.Build.0 = Debug|Any CPU
		{79326DFD-EFF0-48B8-9646-7614A635D821}.Release|Any CPU.ActiveCfg = Release|Any CPU
		{79326DFD-EFF0-48B8-9646-7614A635D821}.Release|Any CPU.Build.0 = Release|Any CPU
	EndGlobalSection
	GlobalSection(SolutionProperties) = preSolution
		HideSolutionNode = FALSE
	EndGlobalSection
	GlobalSection(ExtensibilityGlobals) = postSolution
		SolutionGuid = {268BE5F9-8C83-4766-BBDF-45323E4D1844}
	EndGlobalSection
EndGlobal
