
Microsoft Visual Studio Solution File, Format Version 12.00
# Visual Studio Version 17
VisualStudioVersion = 17.7.34003.232
MinimumVisualStudioVersion = 10.0.40219.1
Project("{9A19103F-16F7-4668-BE54-9A1E7A4F7556}") = "W11D5", "W11D5\W11D5.csproj", "{F3432E45-0134-400E-A438-23ED494D4FE3}"
EndProject
Project("{9A19103F-16F7-4668-BE54-9A1E7A4F7556}") = "Restaurant", "Restaurant\Restaurant.csproj", "{AC29064C-D048-4BE9-BCEF-CC85EFDEE98F}"
EndProject
Project("{9A19103F-16F7-4668-BE54-9A1E7A4F7556}") = "W11D5-2", "W11D5-2\W11D5-2.csproj", "{0E896289-3344-4129-B3AF-67DD41A150C7}"
EndProject
Project("{9A19103F-16F7-4668-BE54-9A1E7A4F7556}") = "W11D5-3", "W11D5-3\W11D5-3.csproj", "{41548240-7D78-4AB9-9522-CD65D06171FB}"
EndProject
Project("{FAE04EC0-301F-11D3-BF4B-00C04F79EFBC}") = "W11D5-4", "W11D5-4\W11D5-4.csproj", "{59EF6D86-4C96-456C-8950-8C38D0B8C4C8}"
EndProject
Project("{FAE04EC0-301F-11D3-BF4B-00C04F79EFBC}") = "W11D5-5", "W11D5-5\W11D5-5.csproj", "{E7C83C0E-AB53-42D0-8664-91CCA7CD1945}"
EndProject
Project("{FAE04EC0-301F-11D3-BF4B-00C04F79EFBC}") = "W11D5-6", "W11D5-6\W11D5-6.csproj", "{010832CA-6462-44A2-B6E2-922313C33F55}"
EndProject
Project("{FAE04EC0-301F-11D3-BF4B-00C04F79EFBC}") = "W11D5-7", "W11D5-7\W11D5-7.csproj", "{1DE163B6-51D4-45EF-9952-425519D760A6}"
EndProject
Project("{FAE04EC0-301F-11D3-BF4B-00C04F79EFBC}") = "W11D5-9", "W11D5-9\W11D5-9.csproj", "{A43C25ED-2EF6-441D-99C0-C45CBACA4004}"
EndProject
Global
	GlobalSection(SolutionConfigurationPlatforms) = preSolution
		Debug|Any CPU = Debug|Any CPU
		Release|Any CPU = Release|Any CPU
	EndGlobalSection
	GlobalSection(ProjectConfigurationPlatforms) = postSolution
		{F3432E45-0134-400E-A438-23ED494D4FE3}.Debug|Any CPU.ActiveCfg = Debug|Any CPU
		{F3432E45-0134-400E-A438-23ED494D4FE3}.Debug|Any CPU.Build.0 = Debug|Any CPU
		{F3432E45-0134-400E-A438-23ED494D4FE3}.Release|Any CPU.ActiveCfg = Release|Any CPU
		{F3432E45-0134-400E-A438-23ED494D4FE3}.Release|Any CPU.Build.0 = Release|Any CPU
		{AC29064C-D048-4BE9-BCEF-CC85EFDEE98F}.Debug|Any CPU.ActiveCfg = Debug|Any CPU
		{AC29064C-D048-4BE9-BCEF-CC85EFDEE98F}.Debug|Any CPU.Build.0 = Debug|Any CPU
		{AC29064C-D048-4BE9-BCEF-CC85EFDEE98F}.Release|Any CPU.ActiveCfg = Release|Any CPU
		{AC29064C-D048-4BE9-BCEF-CC85EFDEE98F}.Release|Any CPU.Build.0 = Release|Any CPU
		{0E896289-3344-4129-B3AF-67DD41A150C7}.Debug|Any CPU.ActiveCfg = Debug|Any CPU
		{0E896289-3344-4129-B3AF-67DD41A150C7}.Debug|Any CPU.Build.0 = Debug|Any CPU
		{0E896289-3344-4129-B3AF-67DD41A150C7}.Release|Any CPU.ActiveCfg = Release|Any CPU
		{0E896289-3344-4129-B3AF-67DD41A150C7}.Release|Any CPU.Build.0 = Release|Any CPU
		{41548240-7D78-4AB9-9522-CD65D06171FB}.Debug|Any CPU.ActiveCfg = Debug|Any CPU
		{41548240-7D78-4AB9-9522-CD65D06171FB}.Debug|Any CPU.Build.0 = Debug|Any CPU
		{41548240-7D78-4AB9-9522-CD65D06171FB}.Release|Any CPU.ActiveCfg = Release|Any CPU
		{41548240-7D78-4AB9-9522-CD65D06171FB}.Release|Any CPU.Build.0 = Release|Any CPU
		{59EF6D86-4C96-456C-8950-8C38D0B8C4C8}.Debug|Any CPU.ActiveCfg = Debug|Any CPU
		{59EF6D86-4C96-456C-8950-8C38D0B8C4C8}.Debug|Any CPU.Build.0 = Debug|Any CPU
		{59EF6D86-4C96-456C-8950-8C38D0B8C4C8}.Release|Any CPU.ActiveCfg = Release|Any CPU
		{59EF6D86-4C96-456C-8950-8C38D0B8C4C8}.Release|Any CPU.Build.0 = Release|Any CPU
		{E7C83C0E-AB53-42D0-8664-91CCA7CD1945}.Debug|Any CPU.ActiveCfg = Debug|Any CPU
		{E7C83C0E-AB53-42D0-8664-91CCA7CD1945}.Debug|Any CPU.Build.0 = Debug|Any CPU
		{E7C83C0E-AB53-42D0-8664-91CCA7CD1945}.Release|Any CPU.ActiveCfg = Release|Any CPU
		{E7C83C0E-AB53-42D0-8664-91CCA7CD1945}.Release|Any CPU.Build.0 = Release|Any CPU
		{010832CA-6462-44A2-B6E2-922313C33F55}.Debug|Any CPU.ActiveCfg = Debug|Any CPU
		{010832CA-6462-44A2-B6E2-922313C33F55}.Debug|Any CPU.Build.0 = Debug|Any CPU
		{010832CA-6462-44A2-B6E2-922313C33F55}.Release|Any CPU.ActiveCfg = Release|Any CPU
		{010832CA-6462-44A2-B6E2-922313C33F55}.Release|Any CPU.Build.0 = Release|Any CPU
		{1DE163B6-51D4-45EF-9952-425519D760A6}.Debug|Any CPU.ActiveCfg = Debug|Any CPU
		{1DE163B6-51D4-45EF-9952-425519D760A6}.Debug|Any CPU.Build.0 = Debug|Any CPU
		{1DE163B6-51D4-45EF-9952-425519D760A6}.Release|Any CPU.ActiveCfg = Release|Any CPU
		{1DE163B6-51D4-45EF-9952-425519D760A6}.Release|Any CPU.Build.0 = Release|Any CPU
		{A43C25ED-2EF6-441D-99C0-C45CBACA4004}.Debug|Any CPU.ActiveCfg = Debug|Any CPU
		{A43C25ED-2EF6-441D-99C0-C45CBACA4004}.Debug|Any CPU.Build.0 = Debug|Any CPU
		{A43C25ED-2EF6-441D-99C0-C45CBACA4004}.Release|Any CPU.ActiveCfg = Release|Any CPU
		{A43C25ED-2EF6-441D-99C0-C45CBACA4004}.Release|Any CPU.Build.0 = Release|Any CPU
	EndGlobalSection
	GlobalSection(SolutionProperties) = preSolution
		HideSolutionNode = FALSE
	EndGlobalSection
	GlobalSection(ExtensibilityGlobals) = postSolution
		SolutionGuid = {39F230E8-39FC-426A-8816-758173AE06AC}
	EndGlobalSection
EndGlobal
