
Microsoft Visual Studio Solution File, Format Version 12.00
# Visual Studio Version 17
VisualStudioVersion = 17.7.34003.232
MinimumVisualStudioVersion = 10.0.40219.1
Project("{FAE04EC0-301F-11D3-BF4B-00C04F79EFBC}") = "W12D2HW", "W12D2HW\W12D2HW.csproj", "{F4A49E96-9DCC-47AA-849D-C7EA0FFAD7A3}"
EndProject
Project("{FAE04EC0-301F-11D3-BF4B-00C04F79EFBC}") = "W12D2HW2", "W12D2HW2\W12D2HW2.csproj", "{1B17BB2B-777C-4C98-90D9-1E902F7BF918}"
EndProject
Global
	GlobalSection(SolutionConfigurationPlatforms) = preSolution
		Debug|Any CPU = Debug|Any CPU
		Release|Any CPU = Release|Any CPU
	EndGlobalSection
	GlobalSection(ProjectConfigurationPlatforms) = postSolution
		{F4A49E96-9DCC-47AA-849D-C7EA0FFAD7A3}.Debug|Any CPU.ActiveCfg = Debug|Any CPU
		{F4A49E96-9DCC-47AA-849D-C7EA0FFAD7A3}.Debug|Any CPU.Build.0 = Debug|Any CPU
		{F4A49E96-9DCC-47AA-849D-C7EA0FFAD7A3}.Release|Any CPU.ActiveCfg = Release|Any CPU
		{F4A49E96-9DCC-47AA-849D-C7EA0FFAD7A3}.Release|Any CPU.Build.0 = Release|Any CPU
		{1B17BB2B-777C-4C98-90D9-1E902F7BF918}.Debug|Any CPU.ActiveCfg = Debug|Any CPU
		{1B17BB2B-777C-4C98-90D9-1E902F7BF918}.Debug|Any CPU.Build.0 = Debug|Any CPU
		{1B17BB2B-777C-4C98-90D9-1E902F7BF918}.Release|Any CPU.ActiveCfg = Release|Any CPU
		{1B17BB2B-777C-4C98-90D9-1E902F7BF918}.Release|Any CPU.Build.0 = Release|Any CPU
	EndGlobalSection
	GlobalSection(SolutionProperties) = preSolution
		HideSolutionNode = FALSE
	EndGlobalSection
	GlobalSection(ExtensibilityGlobals) = postSolution
		SolutionGuid = {7CC6DFFB-7D31-4643-9986-43030EBB6314}
	EndGlobalSection
EndGlobal
