
Microsoft Visual Studio Solution File, Format Version 12.00
# Visual Studio Version 17
VisualStudioVersion = 17.4.33213.308
MinimumVisualStudioVersion = 10.0.40219.1
Project("{FAE04EC0-301F-11D3-BF4B-00C04F79EFBC}") = "运动平台VisionPro联合编程", "运动平台VisionPro联合编程\运动平台VisionPro联合编程.csproj", "{576F3B60-31BD-460C-8A33-27AEF6DD4617}"
EndProject
Global
	GlobalSection(SolutionConfigurationPlatforms) = preSolution
		Debug|Any CPU = Debug|Any CPU
		Debug|x86 = Debug|x86
		Release|Any CPU = Release|Any CPU
		Release|x86 = Release|x86
	EndGlobalSection
	GlobalSection(ProjectConfigurationPlatforms) = postSolution
		{576F3B60-31BD-460C-8A33-27AEF6DD4617}.Debug|Any CPU.ActiveCfg = Debug|Any CPU
		{576F3B60-31BD-460C-8A33-27AEF6DD4617}.Debug|Any CPU.Build.0 = Debug|Any CPU
		{576F3B60-31BD-460C-8A33-27AEF6DD4617}.Debug|x86.ActiveCfg = Debug|x86
		{576F3B60-31BD-460C-8A33-27AEF6DD4617}.Debug|x86.Build.0 = Debug|x86
		{576F3B60-31BD-460C-8A33-27AEF6DD4617}.Release|Any CPU.ActiveCfg = Release|Any CPU
		{576F3B60-31BD-460C-8A33-27AEF6DD4617}.Release|Any CPU.Build.0 = Release|Any CPU
		{576F3B60-31BD-460C-8A33-27AEF6DD4617}.Release|x86.ActiveCfg = Release|x86
		{576F3B60-31BD-460C-8A33-27AEF6DD4617}.Release|x86.Build.0 = Release|x86
	EndGlobalSection
	GlobalSection(SolutionProperties) = preSolution
		HideSolutionNode = FALSE
	EndGlobalSection
	GlobalSection(ExtensibilityGlobals) = postSolution
		SolutionGuid = {FC2948D9-29C2-44A1-A791-1182A5848344}
	EndGlobalSection
EndGlobal
