
Microsoft Visual Studio Solution File, Format Version 12.00
# Visual Studio Version 17
VisualStudioVersion = 17.7.34003.232
MinimumVisualStudioVersion = 10.0.40219.1
Project("{FAE04EC0-301F-11D3-BF4B-00C04F79EFBC}") = "W11D1-3", "W11D1-3\W11D1-3.csproj", "{F0EEF6A3-F0D5-4482-84F9-820C3D948FE6}"
EndProject
Global
	GlobalSection(SolutionConfigurationPlatforms) = preSolution
		Debug|Any CPU = Debug|Any CPU
		Release|Any CPU = Release|Any CPU
	EndGlobalSection
	GlobalSection(ProjectConfigurationPlatforms) = postSolution
		{F0EEF6A3-F0D5-4482-84F9-820C3D948FE6}.Debug|Any CPU.ActiveCfg = Debug|Any CPU
		{F0EEF6A3-F0D5-4482-84F9-820C3D948FE6}.Debug|Any CPU.Build.0 = Debug|Any CPU
		{F0EEF6A3-F0D5-4482-84F9-820C3D948FE6}.Release|Any CPU.ActiveCfg = Release|Any CPU
		{F0EEF6A3-F0D5-4482-84F9-820C3D948FE6}.Release|Any CPU.Build.0 = Release|Any CPU
	EndGlobalSection
	GlobalSection(SolutionProperties) = preSolution
		HideSolutionNode = FALSE
	EndGlobalSection
	GlobalSection(ExtensibilityGlobals) = postSolution
		SolutionGuid = {9EA108E2-9F94-4F32-9DA4-55C2F5758C2D}
	EndGlobalSection
EndGlobal
