
Microsoft Visual Studio Solution File, Format Version 12.00
# Visual Studio Version 17
VisualStudioVersion = 17.7.34003.232
MinimumVisualStudioVersion = 10.0.40219.1
Project("{FAE04EC0-301F-11D3-BF4B-00C04F79EFBC}") = "W6D1-D2", "W6D1-D2\W6D1-D2.csproj", "{1D4485E5-53AE-4798-9FC1-77345B4F659A}"
EndProject
Global
	GlobalSection(SolutionConfigurationPlatforms) = preSolution
		Debug|Any CPU = Debug|Any CPU
		Release|Any CPU = Release|Any CPU
	EndGlobalSection
	GlobalSection(ProjectConfigurationPlatforms) = postSolution
		{1D4485E5-53AE-4798-9FC1-77345B4F659A}.Debug|Any CPU.ActiveCfg = Debug|Any CPU
		{1D4485E5-53AE-4798-9FC1-77345B4F659A}.Debug|Any CPU.Build.0 = Debug|Any CPU
		{1D4485E5-53AE-4798-9FC1-77345B4F659A}.Release|Any CPU.ActiveCfg = Release|Any CPU
		{1D4485E5-53AE-4798-9FC1-77345B4F659A}.Release|Any CPU.Build.0 = Release|Any CPU
	EndGlobalSection
	GlobalSection(SolutionProperties) = preSolution
		HideSolutionNode = FALSE
	EndGlobalSection
	GlobalSection(ExtensibilityGlobals) = postSolution
		SolutionGuid = {BDAAF050-3285-4BDA-8873-DFC02D01AE77}
	EndGlobalSection
EndGlobal
