
Microsoft Visual Studio Solution File, Format Version 12.00
# Visual Studio Version 17
VisualStudioVersion = 17.6.33829.357
MinimumVisualStudioVersion = 10.0.40219.1
Project("{FAE04EC0-301F-11D3-BF4B-00C04F79EFBC}") = "W4D2", "W4D2.csproj", "{2DFFC7A2-B990-4ED4-A838-9539D2210CA8}"
EndProject
Global
	GlobalSection(SolutionConfigurationPlatforms) = preSolution
		Debug|Any CPU = Debug|Any CPU
		Release|Any CPU = Release|Any CPU
	EndGlobalSection
	GlobalSection(ProjectConfigurationPlatforms) = postSolution
		{2DFFC7A2-B990-4ED4-A838-9539D2210CA8}.Debug|Any CPU.ActiveCfg = Debug|Any CPU
		{2DFFC7A2-B990-4ED4-A838-9539D2210CA8}.Debug|Any CPU.Build.0 = Debug|Any CPU
		{2DFFC7A2-B990-4ED4-A838-9539D2210CA8}.Release|Any CPU.ActiveCfg = Release|Any CPU
		{2DFFC7A2-B990-4ED4-A838-9539D2210CA8}.Release|Any CPU.Build.0 = Release|Any CPU
	EndGlobalSection
	GlobalSection(SolutionProperties) = preSolution
		HideSolutionNode = FALSE
	EndGlobalSection
	GlobalSection(ExtensibilityGlobals) = postSolution
		SolutionGuid = {24B5601C-13DA-4979-A802-83A35F43FBDC}
	EndGlobalSection
EndGlobal
