
Microsoft Visual Studio Solution File, Format Version 12.00
# Visual Studio Version 17
VisualStudioVersion = 17.7.34003.232
MinimumVisualStudioVersion = 10.0.40219.1
Project("{FAE04EC0-301F-11D3-BF4B-00C04F79EFBC}") = "W14D1", "W14D1\W14D1.csproj", "{31E1B9F3-ED81-4C32-B45E-7A08E053F14C}"
EndProject
Global
	GlobalSection(SolutionConfigurationPlatforms) = preSolution
		Debug|Any CPU = Debug|Any CPU
		Debug|x86 = Debug|x86
		Release|Any CPU = Release|Any CPU
		Release|x86 = Release|x86
	EndGlobalSection
	GlobalSection(ProjectConfigurationPlatforms) = postSolution
		{31E1B9F3-ED81-4C32-B45E-7A08E053F14C}.Debug|Any CPU.ActiveCfg = Debug|Any CPU
		{31E1B9F3-ED81-4C32-B45E-7A08E053F14C}.Debug|Any CPU.Build.0 = Debug|Any CPU
		{31E1B9F3-ED81-4C32-B45E-7A08E053F14C}.Debug|x86.ActiveCfg = Debug|x86
		{31E1B9F3-ED81-4C32-B45E-7A08E053F14C}.Debug|x86.Build.0 = Debug|x86
		{31E1B9F3-ED81-4C32-B45E-7A08E053F14C}.Release|Any CPU.ActiveCfg = Release|Any CPU
		{31E1B9F3-ED81-4C32-B45E-7A08E053F14C}.Release|Any CPU.Build.0 = Release|Any CPU
		{31E1B9F3-ED81-4C32-B45E-7A08E053F14C}.Release|x86.ActiveCfg = Release|x86
		{31E1B9F3-ED81-4C32-B45E-7A08E053F14C}.Release|x86.Build.0 = Release|x86
	EndGlobalSection
	GlobalSection(SolutionProperties) = preSolution
		HideSolutionNode = FALSE
	EndGlobalSection
	GlobalSection(ExtensibilityGlobals) = postSolution
		SolutionGuid = {4148E1B2-AF56-4B7B-B72A-3C372126349D}
	EndGlobalSection
EndGlobal
