
Microsoft Visual Studio Solution File, Format Version 12.00
# Visual Studio Version 17
VisualStudioVersion = 17.6.33829.357
MinimumVisualStudioVersion = 10.0.40219.1
Project("{FAE04EC0-301F-11D3-BF4B-00C04F79EFBC}") = "W4D3", "W4D3\W4D3.csproj", "{4AE8ED02-9904-4010-9AD8-B2C27D8808B7}"
EndProject
Global
	GlobalSection(SolutionConfigurationPlatforms) = preSolution
		Debug|Any CPU = Debug|Any CPU
		Release|Any CPU = Release|Any CPU
	EndGlobalSection
	GlobalSection(ProjectConfigurationPlatforms) = postSolution
		{4AE8ED02-9904-4010-9AD8-B2C27D8808B7}.Debug|Any CPU.ActiveCfg = Debug|Any CPU
		{4AE8ED02-9904-4010-9AD8-B2C27D8808B7}.Debug|Any CPU.Build.0 = Debug|Any CPU
		{4AE8ED02-9904-4010-9AD8-B2C27D8808B7}.Release|Any CPU.ActiveCfg = Release|Any CPU
		{4AE8ED02-9904-4010-9AD8-B2C27D8808B7}.Release|Any CPU.Build.0 = Release|Any CPU
	EndGlobalSection
	GlobalSection(SolutionProperties) = preSolution
		HideSolutionNode = FALSE
	EndGlobalSection
	GlobalSection(ExtensibilityGlobals) = postSolution
		SolutionGuid = {C4484BD2-2377-4F45-A5B9-AA26B1A5B4F1}
	EndGlobalSection
EndGlobal
