
Microsoft Visual Studio Solution File, Format Version 12.00
# Visual Studio Version 17
VisualStudioVersion = 17.7.34003.232
MinimumVisualStudioVersion = 10.0.40219.1
Project("{FAE04EC0-301F-11D3-BF4B-00C04F79EFBC}") = "W11D1", "W11D1\W11D1.csproj", "{46BBC85B-D5A2-43D1-8803-DFD25CDD2891}"
EndProject
Global
	GlobalSection(SolutionConfigurationPlatforms) = preSolution
		Debug|Any CPU = Debug|Any CPU
		Release|Any CPU = Release|Any CPU
	EndGlobalSection
	GlobalSection(ProjectConfigurationPlatforms) = postSolution
		{46BBC85B-D5A2-43D1-8803-DFD25CDD2891}.Debug|Any CPU.ActiveCfg = Debug|Any CPU
		{46BBC85B-D5A2-43D1-8803-DFD25CDD2891}.Debug|Any CPU.Build.0 = Debug|Any CPU
		{46BBC85B-D5A2-43D1-8803-DFD25CDD2891}.Release|Any CPU.ActiveCfg = Release|Any CPU
		{46BBC85B-D5A2-43D1-8803-DFD25CDD2891}.Release|Any CPU.Build.0 = Release|Any CPU
	EndGlobalSection
	GlobalSection(SolutionProperties) = preSolution
		HideSolutionNode = FALSE
	EndGlobalSection
	GlobalSection(ExtensibilityGlobals) = postSolution
		SolutionGuid = {AB5AC4F5-C5CF-436E-A790-27848E222D9B}
	EndGlobalSection
EndGlobal
